PODS:
  - ActionSheetPicker-3.0 (2.1.0)
  - MagicalRecord (2.3.2):
    - MagicalRecord/Core (= 2.3.2)
  - MagicalRecord/Core (2.3.2)

DEPENDENCIES:
  - ActionSheetPicker-3.0
  - MagicalRecord

SPEC CHECKSUMS:
  ActionSheetPicker-3.0: db66605feb85689279d328206c61f0e4f398df92
  MagicalRecord: 53bed74b4323b930992a725be713e53b37d19755

PODFILE CHECKSUM: 7b53049a904279906067c433e6403d395e092638

COCOAPODS: 1.0.1
